
Microsoft Visual Studio Solution File, Format Version 12.00
Project("{FAE04EC0-301F-11D3-BF4B-00C04F79EFBC}") = "Aut-O-Mat-Test", "Aut-O-Mat-Test\Aut-O-Mat-Test.csproj", "{AE36B5CE-FD84-4EA2-8865-7B710C38A5CB}"
EndProject
Project("{FAE04EC0-301F-11D3-BF4B-00C04F79EFBC}") = "Aut-O-Mat-UI", "Aut-O-Mat-UI\Aut-O-Mat-UI.csproj", "{074AAF51-D2CB-47B9-BB7E-BC78A5175C4A}"
EndProject
Project("{FAE04EC0-301F-11D3-BF4B-00C04F79EFBC}") = "Aut-O-Mat-Lib", "Aut-O-Mat-Lib\Aut-O-Mat-Lib.csproj", "{9ED8C01D-9459-4C51-8361-F1ED862B92BF}"
EndProject
Global
	GlobalSection(SolutionConfigurationPlatforms) = preSolution
		Debug|Any CPU = Debug|Any CPU
		Release|Any CPU = Release|Any CPU
	EndGlobalSection
	GlobalSection(ProjectConfigurationPlatforms) = postSolution
		{AE36B5CE-FD84-4EA2-8865-7B710C38A5CB}.Debug|Any CPU.ActiveCfg = Debug|Any CPU
		{AE36B5CE-FD84-4EA2-8865-7B710C38A5CB}.Debug|Any CPU.Build.0 = Debug|Any CPU
		{AE36B5CE-FD84-4EA2-8865-7B710C38A5CB}.Release|Any CPU.ActiveCfg = Release|Any CPU
		{AE36B5CE-FD84-4EA2-8865-7B710C38A5CB}.Release|Any CPU.Build.0 = Release|Any CPU
		{074AAF51-D2CB-47B9-BB7E-BC78A5175C4A}.Debug|Any CPU.ActiveCfg = Debug|Any CPU
		{074AAF51-D2CB-47B9-BB7E-BC78A5175C4A}.Debug|Any CPU.Build.0 = Debug|Any CPU
		{074AAF51-D2CB-47B9-BB7E-BC78A5175C4A}.Release|Any CPU.ActiveCfg = Release|Any CPU
		{074AAF51-D2CB-47B9-BB7E-BC78A5175C4A}.Release|Any CPU.Build.0 = Release|Any CPU
		{9ED8C01D-9459-4C51-8361-F1ED862B92BF}.Debug|Any CPU.ActiveCfg = Debug|Any CPU
		{9ED8C01D-9459-4C51-8361-F1ED862B92BF}.Debug|Any CPU.Build.0 = Debug|Any CPU
		{9ED8C01D-9459-4C51-8361-F1ED862B92BF}.Release|Any CPU.ActiveCfg = Release|Any CPU
		{9ED8C01D-9459-4C51-8361-F1ED862B92BF}.Release|Any CPU.Build.0 = Release|Any CPU
	EndGlobalSection
EndGlobal
